
Microsoft Visual Studio Solution File, Format Version 12.00
# Visual Studio Version 17
VisualStudioVersion = 17.7.34202.233
MinimumVisualStudioVersion = 10.0.40219.1
Project("{9A19103F-16F7-4668-BE54-9A1E7A4F7556}") = "SimpleHmi_S71200_Pawel_ZTI", "SimpleHmi_S71200_Pawel_ZTI\SimpleHmi_S71200_Pawel_ZTI.csproj", "{BC17C5AA-67F3-4BE8-A72A-2E008619A7C2}"
EndProject
Project("{9A19103F-16F7-4668-BE54-9A1E7A4F7556}") = "Sharp7Library", "..\Sharp7Example\Sharp7Library\Sharp7Library.csproj", "{A7C6C885-27BE-43A1-B4AD-14F5E1937862}"
EndProject
Project("{9A19103F-16F7-4668-BE54-9A1E7A4F7556}") = "SimpleHmi_S71200_Pawel_ZTI.PlcService", "SimpleHmi_S71200_Pawel_ZTI.PlcService\SimpleHmi_S71200_Pawel_ZTI.PlcService.csproj", "{D1901449-1A02-4A2A-AD1C-1AD6E05DAFB6}"
EndProject
Global
	GlobalSection(SolutionConfigurationPlatforms) = preSolution
		Debug|Any CPU = Debug|Any CPU
		Release|Any CPU = Release|Any CPU
	EndGlobalSection
	GlobalSection(ProjectConfigurationPlatforms) = postSolution
		{BC17C5AA-67F3-4BE8-A72A-2E008619A7C2}.Debug|Any CPU.ActiveCfg = Debug|Any CPU
		{BC17C5AA-67F3-4BE8-A72A-2E008619A7C2}.Debug|Any CPU.Build.0 = Debug|Any CPU
		{BC17C5AA-67F3-4BE8-A72A-2E008619A7C2}.Release|Any CPU.ActiveCfg = Release|Any CPU
		{BC17C5AA-67F3-4BE8-A72A-2E008619A7C2}.Release|Any CPU.Build.0 = Release|Any CPU
		{A7C6C885-27BE-43A1-B4AD-14F5E1937862}.Debug|Any CPU.ActiveCfg = Debug|Any CPU
		{A7C6C885-27BE-43A1-B4AD-14F5E1937862}.Debug|Any CPU.Build.0 = Debug|Any CPU
		{A7C6C885-27BE-43A1-B4AD-14F5E1937862}.Release|Any CPU.ActiveCfg = Release|Any CPU
		{A7C6C885-27BE-43A1-B4AD-14F5E1937862}.Release|Any CPU.Build.0 = Release|Any CPU
		{D1901449-1A02-4A2A-AD1C-1AD6E05DAFB6}.Debug|Any CPU.ActiveCfg = Debug|Any CPU
		{D1901449-1A02-4A2A-AD1C-1AD6E05DAFB6}.Debug|Any CPU.Build.0 = Debug|Any CPU
		{D1901449-1A02-4A2A-AD1C-1AD6E05DAFB6}.Release|Any CPU.ActiveCfg = Release|Any CPU
		{D1901449-1A02-4A2A-AD1C-1AD6E05DAFB6}.Release|Any CPU.Build.0 = Release|Any CPU
	EndGlobalSection
	GlobalSection(SolutionProperties) = preSolution
		HideSolutionNode = FALSE
	EndGlobalSection
	GlobalSection(ExtensibilityGlobals) = postSolution
		SolutionGuid = {1BA0BB9E-4EFD-409C-AD88-FFE2F85EF405}
	EndGlobalSection
EndGlobal
